// !$*UTF8*$!
{
	archiveVersion = 1;
	classes = {
	};
	objectVersion = 55;
	objects = {

/* Begin PBXBuildFile section */
		1F0A65B62852EA1F001E74A1 /* UserFormView.swift in Sources */ = {isa = PBXBuildFile; fileRef = 1F0A65B52852EA1F001E74A1 /* UserFormView.swift */; };
		1F1D9EB42840701C00771544 /* RouteView.swift in Sources */ = {isa = PBXBuildFile; fileRef = 1F1D9EB32840701C00771544 /* RouteView.swift */; };
		1F1D9EC32840855200771544 /* AirportDataLoader.swift in Sources */ = {isa = PBXBuildFile; fileRef = 1F1D9EC22840855200771544 /* AirportDataLoader.swift */; };
		1F23A2B7286B3AC1007438C7 /* MyBooking.swift in Sources */ = {isa = PBXBuildFile; fileRef = 1F23A2B6286B3AC1007438C7 /* MyBooking.swift */; };
		1F2CFDA4284A51D7003E2D40 /* ListRow.swift in Sources */ = {isa = PBXBuildFile; fileRef = 1F2CFDA3284A51D7003E2D40 /* ListRow.swift */; };
		1F2E7C9A284555A30071490A /* SearchRequest.swift in Sources */ = {isa = PBXBuildFile; fileRef = 1F2E7C99284555A30071490A /* SearchRequest.swift */; };
		1F2F4AED2868D8D900D80D0D /* CustomTextFieldView.swift in Sources */ = {isa = PBXBuildFile; fileRef = 1F2F4AEC2868D8D900D80D0D /* CustomTextFieldView.swift */; };
		1F363B6B286215C500D858BA /* CustomerCountView.swift in Sources */ = {isa = PBXBuildFile; fileRef = 1F363B6A286215C500D858BA /* CustomerCountView.swift */; };
		1F363B6D2862166B00D858BA /* CabinSegmentedView.swift in Sources */ = {isa = PBXBuildFile; fileRef = 1F363B6C2862166B00D858BA /* CabinSegmentedView.swift */; };
		1F363B6F2862169E00D858BA /* TripSegmentedView.swift in Sources */ = {isa = PBXBuildFile; fileRef = 1F363B6E2862169E00D858BA /* TripSegmentedView.swift */; };
		1F363B732862595000D858BA /* RadioRouteGroupBotton.swift in Sources */ = {isa = PBXBuildFile; fileRef = 1F363B722862595000D858BA /* RadioRouteGroupBotton.swift */; };
		1F36BA4E2835CB8600B4EE93 /* LoginResponse.swift in Sources */ = {isa = PBXBuildFile; fileRef = 1F36BA4D2835CB8600B4EE93 /* LoginResponse.swift */; };
		1F36BA502835CBE800B4EE93 /* HttpUtility.swift in Sources */ = {isa = PBXBuildFile; fileRef = 1F36BA4F2835CBE800B4EE93 /* HttpUtility.swift */; };
		1F36BA592835D51600B4EE93 /* LoginValidation.swift in Sources */ = {isa = PBXBuildFile; fileRef = 1F36BA582835D51600B4EE93 /* LoginValidation.swift */; };
		1F36BA5C2835D59400B4EE93 /* LoginResource.swift in Sources */ = {isa = PBXBuildFile; fileRef = 1F36BA5B2835D59400B4EE93 /* LoginResource.swift */; };
		1F8FCA2A2831C6AD00508BE1 /* SigninView.swift in Sources */ = {isa = PBXBuildFile; fileRef = 1F8FCA292831C6AD00508BE1 /* SigninView.swift */; };
		1F8FCA2C2831C6C100508BE1 /* SignupView.swift in Sources */ = {isa = PBXBuildFile; fileRef = 1F8FCA2B2831C6C100508BE1 /* SignupView.swift */; };
		1F8FCA2E2831CD1400508BE1 /* CheckBoxStyle.swift in Sources */ = {isa = PBXBuildFile; fileRef = 1F8FCA2D2831CD1400508BE1 /* CheckBoxStyle.swift */; };
		1F8FCA302831D66800508BE1 /* AppViewModel.swift in Sources */ = {isa = PBXBuildFile; fileRef = 1F8FCA2F2831D66800508BE1 /* AppViewModel.swift */; };
		1F94A865284069250067A4E2 /* AirportButton.swift in Sources */ = {isa = PBXBuildFile; fileRef = 1F94A864284069250067A4E2 /* AirportButton.swift */; };
		1F95F0B928502F0600BF85F0 /* FlightSearchModel.swift in Sources */ = {isa = PBXBuildFile; fileRef = 1F95F0B828502F0600BF85F0 /* FlightSearchModel.swift */; };
		1F95F0BE28504F8500BF85F0 /* TravelerDetails.swift in Sources */ = {isa = PBXBuildFile; fileRef = 1F95F0BD28504F8500BF85F0 /* TravelerDetails.swift */; };
		1F9A8A162858F55900D4626B /* LoadingView.swift in Sources */ = {isa = PBXBuildFile; fileRef = 1F9A8A152858F55900D4626B /* LoadingView.swift */; };
		1F9B7EB62847160A00117C2C /* OriginFlightList.swift in Sources */ = {isa = PBXBuildFile; fileRef = 1F9B7EB52847160A00117C2C /* OriginFlightList.swift */; };
		1FA6625F2858031000922554 /* SignoutView.swift in Sources */ = {isa = PBXBuildFile; fileRef = 1FA6625E2858031000922554 /* SignoutView.swift */; };
		1FA662612858360100922554 /* BookingConfirmRequest.swift in Sources */ = {isa = PBXBuildFile; fileRef = 1FA662602858360100922554 /* BookingConfirmRequest.swift */; };
		1FA6627D2858386C00922554 /* BookingConfirmResponse.swift in Sources */ = {isa = PBXBuildFile; fileRef = 1FA6626A2858386C00922554 /* BookingConfirmResponse.swift */; };
		1FA6628A28583DE600922554 /* AirTicketingRequest.swift in Sources */ = {isa = PBXBuildFile; fileRef = 1FA6628928583DE600922554 /* AirTicketingRequest.swift */; };
		1FA6628C28583E0D00922554 /* AirTicketModel.swift in Sources */ = {isa = PBXBuildFile; fileRef = 1FA6628B28583E0D00922554 /* AirTicketModel.swift */; };
		1FAE3896285449A600294DAC /* BookingRequest.swift in Sources */ = {isa = PBXBuildFile; fileRef = 1FAE3891285449A600294DAC /* BookingRequest.swift */; };
		1FAE389B2854534D00294DAC /* BookingDataSource.swift in Sources */ = {isa = PBXBuildFile; fileRef = 1FAE389A2854534D00294DAC /* BookingDataSource.swift */; };
		1FAE389D285454CB00294DAC /* BookingResponse.swift in Sources */ = {isa = PBXBuildFile; fileRef = 1FAE389C285454CB00294DAC /* BookingResponse.swift */; };
		1FB09D56284DAD87003EA711 /* FlightDetailsView.swift in Sources */ = {isa = PBXBuildFile; fileRef = 1FB09D55284DAD87003EA711 /* FlightDetailsView.swift */; };
		1FB09D5D284DBA13003EA711 /* FlexibleSheet.swift in Sources */ = {isa = PBXBuildFile; fileRef = 1FB09D5C284DBA13003EA711 /* FlexibleSheet.swift */; };
		1FB431E92841B1A4003057F5 /* AirportList.swift in Sources */ = {isa = PBXBuildFile; fileRef = 1FB431E82841B1A4003057F5 /* AirportList.swift */; };
		1FB431EB2841B1F0003057F5 /* SelectionRow.swift in Sources */ = {isa = PBXBuildFile; fileRef = 1FB431EA2841B1F0003057F5 /* SelectionRow.swift */; };
		1FB67AE728485D380047C651 /* FlightAPI.swift in Sources */ = {isa = PBXBuildFile; fileRef = 1FB67AE628485D380047C651 /* FlightAPI.swift */; };
		1FB67AF9284870E40047C651 /* TaxesBreakdown.swift in Sources */ = {isa = PBXBuildFile; fileRef = 1FB67AE9284870E40047C651 /* TaxesBreakdown.swift */; };
		1FB67AFA284870E40047C651 /* Direction.swift in Sources */ = {isa = PBXBuildFile; fileRef = 1FB67AEA284870E40047C651 /* Direction.swift */; };
		1FB67AFB284870E40047C651 /* AirSearchResponse.swift in Sources */ = {isa = PBXBuildFile; fileRef = 1FB67AEB284870E40047C651 /* AirSearchResponse.swift */; };
		1FB67AFC284870E40047C651 /* Details.swift in Sources */ = {isa = PBXBuildFile; fileRef = 1FB67AEC284870E40047C651 /* Details.swift */; };
		1FB67AFD284870E40047C651 /* Item1.swift in Sources */ = {isa = PBXBuildFile; fileRef = 1FB67AED284870E40047C651 /* Item1.swift */; };
		1FB67AFE284870E40047C651 /* FlightSearchedDataModel.swift in Sources */ = {isa = PBXBuildFile; fileRef = 1FB67AEE284870E40047C651 /* FlightSearchedDataModel.swift */; };
		1FB67AFF284870E40047C651 /* Segment.swift in Sources */ = {isa = PBXBuildFile; fileRef = 1FB67AEF284870E40047C651 /* Segment.swift */; };
		1FB67B00284870E40047C651 /* Item2.swift in Sources */ = {isa = PBXBuildFile; fileRef = 1FB67AF0284870E40047C651 /* Item2.swift */; };
		1FB67B01284870E40047C651 /* BookingComponents.swift in Sources */ = {isa = PBXBuildFile; fileRef = 1FB67AF1284870E40047C651 /* BookingComponents.swift */; };
		1FB67B02284870E40047C651 /* PassengerCount.swift in Sources */ = {isa = PBXBuildFile; fileRef = 1FB67AF2284870E40047C651 /* PassengerCount.swift */; };
		1FB67B03284870E40047C651 /* Cnn.swift in Sources */ = {isa = PBXBuildFile; fileRef = 1FB67AF3284870E40047C651 /* Cnn.swift */; };
		1FB67B04284870E40047C651 /* MinMaxPrice.swift in Sources */ = {isa = PBXBuildFile; fileRef = 1FB67AF4284870E40047C651 /* MinMaxPrice.swift */; };
		1FB67B05284870E40047C651 /* AirlineFilter.swift in Sources */ = {isa = PBXBuildFile; fileRef = 1FB67AF5284870E40047C651 /* AirlineFilter.swift */; };
		1FB67B06284870E40047C651 /* PassengerFares.swift in Sources */ = {isa = PBXBuildFile; fileRef = 1FB67AF6284870E40047C651 /* PassengerFares.swift */; };
		1FB67B07284870E40047C651 /* Adt.swift in Sources */ = {isa = PBXBuildFile; fileRef = 1FB67AF7284870E40047C651 /* Adt.swift */; };
		1FB67B08284870E40047C651 /* Baggage.swift in Sources */ = {isa = PBXBuildFile; fileRef = 1FB67AF8284870E40047C651 /* Baggage.swift */; };
		1FB97C4E2855F9470099D690 /* CustomPickerView.swift in Sources */ = {isa = PBXBuildFile; fileRef = 1FB97C4C2855F9470099D690 /* CustomPickerView.swift */; };
		1FB97C4F2855F9470099D690 /* CustomPickerTextView.swift in Sources */ = {isa = PBXBuildFile; fileRef = 1FB97C4D2855F9470099D690 /* CustomPickerTextView.swift */; };
		1FB97C53285621190099D690 /* DropDownView.swift in Sources */ = {isa = PBXBuildFile; fileRef = 1FB97C52285621190099D690 /* DropDownView.swift */; };
		1FB99180283DAF8F0051546E /* airports.json in Resources */ = {isa = PBXBuildFile; fileRef = 1FB9917F283DAF8F0051546E /* airports.json */; };
		1FB9918F283DB6E40051546E /* FlightView.swift in Sources */ = {isa = PBXBuildFile; fileRef = 1FB9918E283DB6E40051546E /* FlightView.swift */; };
		1FBAE03F28468AC90088269B /* RegisterRequest.swift in Sources */ = {isa = PBXBuildFile; fileRef = 1FBAE03E28468AC90088269B /* RegisterRequest.swift */; };
		1FBAE04128468C6D0088269B /* RegisterResponse.swift in Sources */ = {isa = PBXBuildFile; fileRef = 1FBAE04028468C6C0088269B /* RegisterResponse.swift */; };
		1FBAE0432846992D0088269B /* LoginRequest.swift in Sources */ = {isa = PBXBuildFile; fileRef = 1FBAE0422846992D0088269B /* LoginRequest.swift */; };
		1FBC9663285758F2007C7ACA /* RePriceResponse.swift in Sources */ = {isa = PBXBuildFile; fileRef = 1FBC9662285758F2007C7ACA /* RePriceResponse.swift */; };
		1FBC966528575E33007C7ACA /* RePriceRequest.swift in Sources */ = {isa = PBXBuildFile; fileRef = 1FBC966428575E33007C7ACA /* RePriceRequest.swift */; };
		1FBE4F2E282A0B8400E25128 /* HomeView.swift in Sources */ = {isa = PBXBuildFile; fileRef = 1FBE4F2D282A0B8400E25128 /* HomeView.swift */; };
		1FC61D0B2847795D00956952 /* AirportData.swift in Sources */ = {isa = PBXBuildFile; fileRef = 1FC61D0A2847795D00956952 /* AirportData.swift */; };
		1FC7DD962865C66B00F808A5 /* SplashScreen.swift in Sources */ = {isa = PBXBuildFile; fileRef = 1FC7DD952865C66B00F808A5 /* SplashScreen.swift */; };
		1FF41DF82824DD3100755A79 /* flightexpertApp.swift in Sources */ = {isa = PBXBuildFile; fileRef = 1FF41DF72824DD3100755A79 /* flightexpertApp.swift */; };
		1FF41DFA2824DD3100755A79 /* ContentView.swift in Sources */ = {isa = PBXBuildFile; fileRef = 1FF41DF92824DD3100755A79 /* ContentView.swift */; };
		1FF41DFC2824DD3400755A79 /* Assets.xcassets in Resources */ = {isa = PBXBuildFile; fileRef = 1FF41DFB2824DD3400755A79 /* Assets.xcassets */; };
		1FF41DFF2824DD3400755A79 /* Preview Assets.xcassets in Resources */ = {isa = PBXBuildFile; fileRef = 1FF41DFE2824DD3400755A79 /* Preview Assets.xcassets */; };
		1FF41E092824DD3500755A79 /* flightexpertTests.swift in Sources */ = {isa = PBXBuildFile; fileRef = 1FF41E082824DD3500755A79 /* flightexpertTests.swift */; };
		1FF41E132824DD3500755A79 /* flightexpertUITests.swift in Sources */ = {isa = PBXBuildFile; fileRef = 1FF41E122824DD3500755A79 /* flightexpertUITests.swift */; };
		1FF41E152824DD3500755A79 /* flightexpertUITestsLaunchTests.swift in Sources */ = {isa = PBXBuildFile; fileRef = 1FF41E142824DD3500755A79 /* flightexpertUITestsLaunchTests.swift */; };
		1FF41E222824E5B900755A79 /* SideMenuView.swift in Sources */ = {isa = PBXBuildFile; fileRef = 1FF41E212824E5B900755A79 /* SideMenuView.swift */; };
		1FF41E242824E5DA00755A79 /* SideMenuHeaderView.swift in Sources */ = {isa = PBXBuildFile; fileRef = 1FF41E232824E5DA00755A79 /* SideMenuHeaderView.swift */; };
		1FF41E262824E5F700755A79 /* SideMenuOptionView.swift in Sources */ = {isa = PBXBuildFile; fileRef = 1FF41E252824E5F700755A79 /* SideMenuOptionView.swift */; };
		1FF41E282824E62A00755A79 /* SideMenuViewModel.swift in Sources */ = {isa = PBXBuildFile; fileRef = 1FF41E272824E62A00755A79 /* SideMenuViewModel.swift */; };
/* End PBXBuildFile section */

/* Begin PBXContainerItemProxy section */
		1FF41E052824DD3500755A79 /* PBXContainerItemProxy */ = {
			isa = PBXContainerItemProxy;
			containerPortal = 1FF41DEC2824DD3100755A79 /* Project object */;
			proxyType = 1;
			remoteGlobalIDString = 1FF41DF32824DD3100755A79;
			remoteInfo = flightexpert;
		};
		1FF41E0F2824DD3500755A79 /* PBXContainerItemProxy */ = {
			isa = PBXContainerItemProxy;
			containerPortal = 1FF41DEC2824DD3100755A79 /* Project object */;
			proxyType = 1;
			remoteGlobalIDString = 1FF41DF32824DD3100755A79;
			remoteInfo = flightexpert;
		};
/* End PBXContainerItemProxy section */

/* Begin PBXCopyFilesBuildPhase section */
		1F54EE9A285C428F00B456C4 /* Embed Frameworks */ = {
			isa = PBXCopyFilesBuildPhase;
			buildActionMask = 2147483647;
			dstPath = "";
			dstSubfolderSpec = 10;
			files = (
			);
			name = "Embed Frameworks";
			runOnlyForDeploymentPostprocessing = 0;
		};
/* End PBXCopyFilesBuildPhase section */

/* Begin PBXFileReference section */
		1F0A65B52852EA1F001E74A1 /* UserFormView.swift */ = {isa = PBXFileReference; lastKnownFileType = sourcecode.swift; path = UserFormView.swift; sourceTree = "<group>"; };
		1F1D9EB32840701C00771544 /* RouteView.swift */ = {isa = PBXFileReference; lastKnownFileType = sourcecode.swift; path = RouteView.swift; sourceTree = "<group>"; };
		1F1D9EC22840855200771544 /* AirportDataLoader.swift */ = {isa = PBXFileReference; lastKnownFileType = sourcecode.swift; path = AirportDataLoader.swift; sourceTree = "<group>"; };
		1F23A2B6286B3AC1007438C7 /* MyBooking.swift */ = {isa = PBXFileReference; lastKnownFileType = sourcecode.swift; path = MyBooking.swift; sourceTree = "<group>"; };
		1F2CFDA3284A51D7003E2D40 /* ListRow.swift */ = {isa = PBXFileReference; lastKnownFileType = sourcecode.swift; path = ListRow.swift; sourceTree = "<group>"; };
		1F2E7C99284555A30071490A /* SearchRequest.swift */ = {isa = PBXFileReference; lastKnownFileType = sourcecode.swift; path = SearchRequest.swift; sourceTree = "<group>"; };
		1F2F4AEC2868D8D900D80D0D /* CustomTextFieldView.swift */ = {isa = PBXFileReference; lastKnownFileType = sourcecode.swift; path = CustomTextFieldView.swift; sourceTree = "<group>"; };
		1F363B6A286215C500D858BA /* CustomerCountView.swift */ = {isa = PBXFileReference; lastKnownFileType = sourcecode.swift; path = CustomerCountView.swift; sourceTree = "<group>"; };
		1F363B6C2862166B00D858BA /* CabinSegmentedView.swift */ = {isa = PBXFileReference; lastKnownFileType = sourcecode.swift; path = CabinSegmentedView.swift; sourceTree = "<group>"; };
		1F363B6E2862169E00D858BA /* TripSegmentedView.swift */ = {isa = PBXFileReference; lastKnownFileType = sourcecode.swift; path = TripSegmentedView.swift; sourceTree = "<group>"; };
		1F363B722862595000D858BA /* RadioRouteGroupBotton.swift */ = {isa = PBXFileReference; lastKnownFileType = sourcecode.swift; path = RadioRouteGroupBotton.swift; sourceTree = "<group>"; };
		1F36BA4D2835CB8600B4EE93 /* LoginResponse.swift */ = {isa = PBXFileReference; lastKnownFileType = sourcecode.swift; path = LoginResponse.swift; sourceTree = "<group>"; };
		1F36BA4F2835CBE800B4EE93 /* HttpUtility.swift */ = {isa = PBXFileReference; lastKnownFileType = sourcecode.swift; path = HttpUtility.swift; sourceTree = "<group>"; };
		1F36BA582835D51600B4EE93 /* LoginValidation.swift */ = {isa = PBXFileReference; lastKnownFileType = sourcecode.swift; path = LoginValidation.swift; sourceTree = "<group>"; };
		1F36BA5B2835D59400B4EE93 /* LoginResource.swift */ = {isa = PBXFileReference; lastKnownFileType = sourcecode.swift; path = LoginResource.swift; sourceTree = "<group>"; };
		1F8FCA292831C6AD00508BE1 /* SigninView.swift */ = {isa = PBXFileReference; lastKnownFileType = sourcecode.swift; path = SigninView.swift; sourceTree = "<group>"; };
		1F8FCA2B2831C6C100508BE1 /* SignupView.swift */ = {isa = PBXFileReference; lastKnownFileType = sourcecode.swift; path = SignupView.swift; sourceTree = "<group>"; };
		1F8FCA2D2831CD1400508BE1 /* CheckBoxStyle.swift */ = {isa = PBXFileReference; lastKnownFileType = sourcecode.swift; path = CheckBoxStyle.swift; sourceTree = "<group>"; };
		1F8FCA2F2831D66800508BE1 /* AppViewModel.swift */ = {isa = PBXFileReference; lastKnownFileType = sourcecode.swift; path = AppViewModel.swift; sourceTree = "<group>"; };
		1F94A864284069250067A4E2 /* AirportButton.swift */ = {isa = PBXFileReference; lastKnownFileType = sourcecode.swift; path = AirportButton.swift; sourceTree = "<group>"; };
		1F95F0B828502F0600BF85F0 /* FlightSearchModel.swift */ = {isa = PBXFileReference; lastKnownFileType = sourcecode.swift; path = FlightSearchModel.swift; sourceTree = "<group>"; };
		1F95F0BD28504F8500BF85F0 /* TravelerDetails.swift */ = {isa = PBXFileReference; lastKnownFileType = sourcecode.swift; path = TravelerDetails.swift; sourceTree = "<group>"; };
		1F9A8A152858F55900D4626B /* LoadingView.swift */ = {isa = PBXFileReference; lastKnownFileType = sourcecode.swift; path = LoadingView.swift; sourceTree = "<group>"; };
		1F9B7EB52847160A00117C2C /* OriginFlightList.swift */ = {isa = PBXFileReference; lastKnownFileType = sourcecode.swift; path = OriginFlightList.swift; sourceTree = "<group>"; };
		1FA6625E2858031000922554 /* SignoutView.swift */ = {isa = PBXFileReference; lastKnownFileType = sourcecode.swift; path = SignoutView.swift; sourceTree = "<group>"; };
		1FA662602858360100922554 /* BookingConfirmRequest.swift */ = {isa = PBXFileReference; lastKnownFileType = sourcecode.swift; path = BookingConfirmRequest.swift; sourceTree = "<group>"; };
		1FA6626A2858386C00922554 /* BookingConfirmResponse.swift */ = {isa = PBXFileReference; fileEncoding = 4; lastKnownFileType = sourcecode.swift; path = BookingConfirmResponse.swift; sourceTree = "<group>"; };
		1FA6628928583DE600922554 /* AirTicketingRequest.swift */ = {isa = PBXFileReference; lastKnownFileType = sourcecode.swift; path = AirTicketingRequest.swift; sourceTree = "<group>"; };
		1FA6628B28583E0D00922554 /* AirTicketModel.swift */ = {isa = PBXFileReference; lastKnownFileType = sourcecode.swift; path = AirTicketModel.swift; sourceTree = "<group>"; };
		1FAE3891285449A600294DAC /* BookingRequest.swift */ = {isa = PBXFileReference; fileEncoding = 4; lastKnownFileType = sourcecode.swift; path = BookingRequest.swift; sourceTree = "<group>"; };
		1FAE389A2854534D00294DAC /* BookingDataSource.swift */ = {isa = PBXFileReference; lastKnownFileType = sourcecode.swift; path = BookingDataSource.swift; sourceTree = "<group>"; };
		1FAE389C285454CB00294DAC /* BookingResponse.swift */ = {isa = PBXFileReference; lastKnownFileType = sourcecode.swift; path = BookingResponse.swift; sourceTree = "<group>"; };
		1FB09D55284DAD87003EA711 /* FlightDetailsView.swift */ = {isa = PBXFileReference; lastKnownFileType = sourcecode.swift; path = FlightDetailsView.swift; sourceTree = "<group>"; };
		1FB09D5C284DBA13003EA711 /* FlexibleSheet.swift */ = {isa = PBXFileReference; lastKnownFileType = sourcecode.swift; path = FlexibleSheet.swift; sourceTree = "<group>"; };
		1FB431E82841B1A4003057F5 /* AirportList.swift */ = {isa = PBXFileReference; lastKnownFileType = sourcecode.swift; path = AirportList.swift; sourceTree = "<group>"; };
		1FB431EA2841B1F0003057F5 /* SelectionRow.swift */ = {isa = PBXFileReference; fileEncoding = 4; lastKnownFileType = sourcecode.swift; path = SelectionRow.swift; sourceTree = "<group>"; };
		1FB67AE628485D380047C651 /* FlightAPI.swift */ = {isa = PBXFileReference; lastKnownFileType = sourcecode.swift; path = FlightAPI.swift; sourceTree = "<group>"; };
		1FB67AE9284870E40047C651 /* TaxesBreakdown.swift */ = {isa = PBXFileReference; fileEncoding = 4; lastKnownFileType = sourcecode.swift; path = TaxesBreakdown.swift; sourceTree = "<group>"; };
		1FB67AEA284870E40047C651 /* Direction.swift */ = {isa = PBXFileReference; fileEncoding = 4; lastKnownFileType = sourcecode.swift; path = Direction.swift; sourceTree = "<group>"; };
		1FB67AEB284870E40047C651 /* AirSearchResponse.swift */ = {isa = PBXFileReference; fileEncoding = 4; lastKnownFileType = sourcecode.swift; path = AirSearchResponse.swift; sourceTree = "<group>"; };
		1FB67AEC284870E40047C651 /* Details.swift */ = {isa = PBXFileReference; fileEncoding = 4; lastKnownFileType = sourcecode.swift; path = Details.swift; sourceTree = "<group>"; };
		1FB67AED284870E40047C651 /* Item1.swift */ = {isa = PBXFileReference; fileEncoding = 4; lastKnownFileType = sourcecode.swift; path = Item1.swift; sourceTree = "<group>"; };
		1FB67AEE284870E40047C651 /* FlightSearchedDataModel.swift */ = {isa = PBXFileReference; fileEncoding = 4; lastKnownFileType = sourcecode.swift; path = FlightSearchedDataModel.swift; sourceTree = "<group>"; };
		1FB67AEF284870E40047C651 /* Segment.swift */ = {isa = PBXFileReference; fileEncoding = 4; lastKnownFileType = sourcecode.swift; path = Segment.swift; sourceTree = "<group>"; };
		1FB67AF0284870E40047C651 /* Item2.swift */ = {isa = PBXFileReference; fileEncoding = 4; lastKnownFileType = sourcecode.swift; path = Item2.swift; sourceTree = "<group>"; };
		1FB67AF1284870E40047C651 /* BookingComponents.swift */ = {isa = PBXFileReference; fileEncoding = 4; lastKnownFileType = sourcecode.swift; path = BookingComponents.swift; sourceTree = "<group>"; };
		1FB67AF2284870E40047C651 /* PassengerCount.swift */ = {isa = PBXFileReference; fileEncoding = 4; lastKnownFileType = sourcecode.swift; path = PassengerCount.swift; sourceTree = "<group>"; };
		1FB67AF3284870E40047C651 /* Cnn.swift */ = {isa = PBXFileReference; fileEncoding = 4; lastKnownFileType = sourcecode.swift; path = Cnn.swift; sourceTree = "<group>"; };
		1FB67AF4284870E40047C651 /* MinMaxPrice.swift */ = {isa = PBXFileReference; fileEncoding = 4; lastKnownFileType = sourcecode.swift; path = MinMaxPrice.swift; sourceTree = "<group>"; };
		1FB67AF5284870E40047C651 /* AirlineFilter.swift */ = {isa = PBXFileReference; fileEncoding = 4; lastKnownFileType = sourcecode.swift; path = AirlineFilter.swift; sourceTree = "<group>"; };
		1FB67AF6284870E40047C651 /* PassengerFares.swift */ = {isa = PBXFileReference; fileEncoding = 4; lastKnownFileType = sourcecode.swift; path = PassengerFares.swift; sourceTree = "<group>"; };
		1FB67AF7284870E40047C651 /* Adt.swift */ = {isa = PBXFileReference; fileEncoding = 4; lastKnownFileType = sourcecode.swift; path = Adt.swift; sourceTree = "<group>"; };
		1FB67AF8284870E40047C651 /* Baggage.swift */ = {isa = PBXFileReference; fileEncoding = 4; lastKnownFileType = sourcecode.swift; path = Baggage.swift; sourceTree = "<group>"; };
		1FB97C4C2855F9470099D690 /* CustomPickerView.swift */ = {isa = PBXFileReference; fileEncoding = 4; lastKnownFileType = sourcecode.swift; path = CustomPickerView.swift; sourceTree = "<group>"; };
		1FB97C4D2855F9470099D690 /* CustomPickerTextView.swift */ = {isa = PBXFileReference; fileEncoding = 4; lastKnownFileType = sourcecode.swift; path = CustomPickerTextView.swift; sourceTree = "<group>"; };
		1FB97C52285621190099D690 /* DropDownView.swift */ = {isa = PBXFileReference; lastKnownFileType = sourcecode.swift; path = DropDownView.swift; sourceTree = "<group>"; };
		1FB9917F283DAF8F0051546E /* airports.json */ = {isa = PBXFileReference; fileEncoding = 4; lastKnownFileType = text.json; path = airports.json; sourceTree = "<group>"; };
		1FB9918E283DB6E40051546E /* FlightView.swift */ = {isa = PBXFileReference; lastKnownFileType = sourcecode.swift; path = FlightView.swift; sourceTree = "<group>"; };
		1FBAE03E28468AC90088269B /* RegisterRequest.swift */ = {isa = PBXFileReference; fileEncoding = 4; lastKnownFileType = sourcecode.swift; path = RegisterRequest.swift; sourceTree = "<group>"; };
		1FBAE04028468C6C0088269B /* RegisterResponse.swift */ = {isa = PBXFileReference; lastKnownFileType = sourcecode.swift; path = RegisterResponse.swift; sourceTree = "<group>"; };
		1FBAE0422846992D0088269B /* LoginRequest.swift */ = {isa = PBXFileReference; fileEncoding = 4; lastKnownFileType = sourcecode.swift; path = LoginRequest.swift; sourceTree = "<group>"; };
		1FBC9662285758F2007C7ACA /* RePriceResponse.swift */ = {isa = PBXFileReference; lastKnownFileType = sourcecode.swift; path = RePriceResponse.swift; sourceTree = "<group>"; };
		1FBC966428575E33007C7ACA /* RePriceRequest.swift */ = {isa = PBXFileReference; lastKnownFileType = sourcecode.swift; path = RePriceRequest.swift; sourceTree = "<group>"; };
		1FBE4F2D282A0B8400E25128 /* HomeView.swift */ = {isa = PBXFileReference; lastKnownFileType = sourcecode.swift; path = HomeView.swift; sourceTree = "<group>"; };
		1FC61D0A2847795D00956952 /* AirportData.swift */ = {isa = PBXFileReference; fileEncoding = 4; lastKnownFileType = sourcecode.swift; path = AirportData.swift; sourceTree = "<group>"; };
		1FC7DD952865C66B00F808A5 /* SplashScreen.swift */ = {isa = PBXFileReference; lastKnownFileType = sourcecode.swift; path = SplashScreen.swift; sourceTree = "<group>"; };
		1FF41DF42824DD3100755A79 /* flightexpert.app */ = {isa = PBXFileReference; explicitFileType = wrapper.application; includeInIndex = 0; path = flightexpert.app; sourceTree = BUILT_PRODUCTS_DIR; };
		1FF41DF72824DD3100755A79 /* flightexpertApp.swift */ = {isa = PBXFileReference; lastKnownFileType = sourcecode.swift; path = flightexpertApp.swift; sourceTree = "<group>"; };
		1FF41DF92824DD3100755A79 /* ContentView.swift */ = {isa = PBXFileReference; lastKnownFileType = sourcecode.swift; path = ContentView.swift; sourceTree = "<group>"; };
		1FF41DFB2824DD3400755A79 /* Assets.xcassets */ = {isa = PBXFileReference; lastKnownFileType = folder.assetcatalog; path = Assets.xcassets; sourceTree = "<group>"; };
		1FF41DFE2824DD3400755A79 /* Preview Assets.xcassets */ = {isa = PBXFileReference; lastKnownFileType = folder.assetcatalog; path = "Preview Assets.xcassets"; sourceTree = "<group>"; };
		1FF41E042824DD3500755A79 /* flightexpertTests.xctest */ = {isa = PBXFileReference; explicitFileType = wrapper.cfbundle; includeInIndex = 0; path = flightexpertTests.xctest; sourceTree = BUILT_PRODUCTS_DIR; };
		1FF41E082824DD3500755A79 /* flightexpertTests.swift */ = {isa = PBXFileReference; lastKnownFileType = sourcecode.swift; path = flightexpertTests.swift; sourceTree = "<group>"; };
		1FF41E0E2824DD3500755A79 /* flightexpertUITests.xctest */ = {isa = PBXFileReference; explicitFileType = wrapper.cfbundle; includeInIndex = 0; path = flightexpertUITests.xctest; sourceTree = BUILT_PRODUCTS_DIR; };
		1FF41E122824DD3500755A79 /* flightexpertUITests.swift */ = {isa = PBXFileReference; lastKnownFileType = sourcecode.swift; path = flightexpertUITests.swift; sourceTree = "<group>"; };
		1FF41E142824DD3500755A79 /* flightexpertUITestsLaunchTests.swift */ = {isa = PBXFileReference; lastKnownFileType = sourcecode.swift; path = flightexpertUITestsLaunchTests.swift; sourceTree = "<group>"; };
		1FF41E212824E5B900755A79 /* SideMenuView.swift */ = {isa = PBXFileReference; lastKnownFileType = sourcecode.swift; path = SideMenuView.swift; sourceTree = "<group>"; };
		1FF41E232824E5DA00755A79 /* SideMenuHeaderView.swift */ = {isa = PBXFileReference; lastKnownFileType = sourcecode.swift; path = SideMenuHeaderView.swift; sourceTree = "<group>"; };
		1FF41E252824E5F700755A79 /* SideMenuOptionView.swift */ = {isa = PBXFileReference; lastKnownFileType = sourcecode.swift; path = SideMenuOptionView.swift; sourceTree = "<group>"; };
		1FF41E272824E62A00755A79 /* SideMenuViewModel.swift */ = {isa = PBXFileReference; lastKnownFileType = sourcecode.swift; path = SideMenuViewModel.swift; sourceTree = "<group>"; };
/* End PBXFileReference section */

/* Begin PBXFrameworksBuildPhase section */
		1FF41DF12824DD3100755A79 /* Frameworks */ = {
			isa = PBXFrameworksBuildPhase;
			buildActionMask = 2147483647;
			files = (
			);
			runOnlyForDeploymentPostprocessing = 0;
		};
		1FF41E012824DD3500755A79 /* Frameworks */ = {
			isa = PBXFrameworksBuildPhase;
			buildActionMask = 2147483647;
			files = (
			);
			runOnlyForDeploymentPostprocessing = 0;
		};
		1FF41E0B2824DD3500755A79 /* Frameworks */ = {
			isa = PBXFrameworksBuildPhase;
			buildActionMask = 2147483647;
			files = (
			);
			runOnlyForDeploymentPostprocessing = 0;
		};
/* End PBXFrameworksBuildPhase section */

/* Begin PBXGroup section */
		1F1F1431283C6E6000BB1C5D /* SignupView */ = {
			isa = PBXGroup;
			children = (
				1F8FCA2B2831C6C100508BE1 /* SignupView.swift */,
			);
			path = SignupView;
			sourceTree = "<group>";
		};
		1F23A2B5286B3AAF007438C7 /* MyBooking */ = {
			isa = PBXGroup;
			children = (
				1F23A2B6286B3AC1007438C7 /* MyBooking.swift */,
			);
			path = MyBooking;
			sourceTree = "<group>";
		};
		1F36BA512835D3AB00B4EE93 /* HomeView */ = {
			isa = PBXGroup;
			children = (
				1FBE4F2D282A0B8400E25128 /* HomeView.swift */,
			);
			path = HomeView;
			sourceTree = "<group>";
		};
		1F36BA522835D3DD00B4EE93 /* SideMenuView */ = {
			isa = PBXGroup;
			children = (
				1FF41E252824E5F700755A79 /* SideMenuOptionView.swift */,
				1FF41E232824E5DA00755A79 /* SideMenuHeaderView.swift */,
				1FF41E212824E5B900755A79 /* SideMenuView.swift */,
				1FF41E272824E62A00755A79 /* SideMenuViewModel.swift */,
			);
			path = SideMenuView;
			sourceTree = "<group>";
		};
		1F36BA532835D46400B4EE93 /* SigninView */ = {
			isa = PBXGroup;
			children = (
				1F8FCA292831C6AD00508BE1 /* SigninView.swift */,
				1F8FCA2D2831CD1400508BE1 /* CheckBoxStyle.swift */,
			);
			path = SigninView;
			sourceTree = "<group>";
		};
		1F36BA572835D50400B4EE93 /* LoginValidation */ = {
			isa = PBXGroup;
			children = (
				1F36BA582835D51600B4EE93 /* LoginValidation.swift */,
			);
			path = LoginValidation;
			sourceTree = "<group>";
		};
		1F36BA5A2835D58600B4EE93 /* LoginResource */ = {
			isa = PBXGroup;
			children = (
				1F36BA5B2835D59400B4EE93 /* LoginResource.swift */,
			);
			path = LoginResource;
			sourceTree = "<group>";
		};
		1F54EE95285C426B00B456C4 /* Frameworks */ = {
			isa = PBXGroup;
			children = (
			);
			path = Frameworks;
			sourceTree = "<group>";
		};
		1F93B025284B162A004634A5 /* ViewModel */ = {
			isa = PBXGroup;
			children = (
				1FAE389A2854534D00294DAC /* BookingDataSource.swift */,
				1F8FCA2F2831D66800508BE1 /* AppViewModel.swift */,
				1F95F0B828502F0600BF85F0 /* FlightSearchModel.swift */,
			);
			path = ViewModel;
			sourceTree = "<group>";
		};
		1F94A863284068DE0067A4E2 /* CustomViews */ = {
			isa = PBXGroup;
			children = (
				1F94A864284069250067A4E2 /* AirportButton.swift */,
				1F1D9EB32840701C00771544 /* RouteView.swift */,
				1FB09D5C284DBA13003EA711 /* FlexibleSheet.swift */,
				1FB431EA2841B1F0003057F5 /* SelectionRow.swift */,
				1F2CFDA3284A51D7003E2D40 /* ListRow.swift */,
			);
			path = CustomViews;
			sourceTree = "<group>";
		};
		1F95F0BA28504F3300BF85F0 /* TravelerDetails */ = {
			isa = PBXGroup;
			children = (
				1F95F0BD28504F8500BF85F0 /* TravelerDetails.swift */,
				1F0A65B52852EA1F001E74A1 /* UserFormView.swift */,
			);
			path = TravelerDetails;
			sourceTree = "<group>";
		};
		1FA6625C2858001B00922554 /* AirportData */ = {
			isa = PBXGroup;
			children = (
				1FB9917F283DAF8F0051546E /* airports.json */,
				1FC61D0A2847795D00956952 /* AirportData.swift */,
				1F1D9EC22840855200771544 /* AirportDataLoader.swift */,
			);
			path = AirportData;
			sourceTree = "<group>";
		};
		1FA6625D285802F400922554 /* SignoutView */ = {
			isa = PBXGroup;
			children = (
				1FA6625E2858031000922554 /* SignoutView.swift */,
			);
			path = SignoutView;
			sourceTree = "<group>";
		};
		1FB67AE8284870E40047C651 /* FlightSearchResponse */ = {
			isa = PBXGroup;
			children = (
				1FB67AE9284870E40047C651 /* TaxesBreakdown.swift */,
				1FB67AEA284870E40047C651 /* Direction.swift */,
				1FB67AEB284870E40047C651 /* AirSearchResponse.swift */,
				1FB67AEC284870E40047C651 /* Details.swift */,
				1FB67AED284870E40047C651 /* Item1.swift */,
				1FB67AEE284870E40047C651 /* FlightSearchedDataModel.swift */,
				1FB67AEF284870E40047C651 /* Segment.swift */,
				1FB67AF0284870E40047C651 /* Item2.swift */,
				1FB67AF1284870E40047C651 /* BookingComponents.swift */,
				1FB67AF2284870E40047C651 /* PassengerCount.swift */,
				1FB67AF3284870E40047C651 /* Cnn.swift */,
				1FB67AF4284870E40047C651 /* MinMaxPrice.swift */,
				1FB67AF5284870E40047C651 /* AirlineFilter.swift */,
				1FB67AF6284870E40047C651 /* PassengerFares.swift */,
				1FB67AF7284870E40047C651 /* Adt.swift */,
				1FB67AF8284870E40047C651 /* Baggage.swift */,
			);
			path = FlightSearchResponse;
			sourceTree = "<group>";
		};
		1FB728B72834A562007A6DA5 /* Models */ = {
			isa = PBXGroup;
			children = (
				1FB728B82834A57C007A6DA5 /* Response */,
				1FB728B92834A589007A6DA5 /* Request */,
			);
			path = Models;
			sourceTree = "<group>";
		};
		1FB728B82834A57C007A6DA5 /* Response */ = {
			isa = PBXGroup;
			children = (
				1FA6626A2858386C00922554 /* BookingConfirmResponse.swift */,
				1FBC9662285758F2007C7ACA /* RePriceResponse.swift */,
				1FB67AE8284870E40047C651 /* FlightSearchResponse */,
				1F36BA4D2835CB8600B4EE93 /* LoginResponse.swift */,
				1FBAE04028468C6C0088269B /* RegisterResponse.swift */,
				1FAE389C285454CB00294DAC /* BookingResponse.swift */,
				1FA6628B28583E0D00922554 /* AirTicketModel.swift */,
			);
			path = Response;
			sourceTree = "<group>";
		};
		1FB728B92834A589007A6DA5 /* Request */ = {
			isa = PBXGroup;
			children = (
				1FBC966428575E33007C7ACA /* RePriceRequest.swift */,
				1FAE3891285449A600294DAC /* BookingRequest.swift */,
				1FBAE0422846992D0088269B /* LoginRequest.swift */,
				1FBAE03E28468AC90088269B /* RegisterRequest.swift */,
				1F2E7C99284555A30071490A /* SearchRequest.swift */,
				1FA662602858360100922554 /* BookingConfirmRequest.swift */,
				1FA6628928583DE600922554 /* AirTicketingRequest.swift */,
			);
			path = Request;
			sourceTree = "<group>";
		};
		1FB728BA2834A59C007A6DA5 /* Resource */ = {
			isa = PBXGroup;
			children = (
				1F36BA5A2835D58600B4EE93 /* LoginResource */,
			);
			path = Resource;
			sourceTree = "<group>";
		};
		1FB728BB2834A5C4007A6DA5 /* Utility */ = {
			isa = PBXGroup;
			children = (
				1F36BA4F2835CBE800B4EE93 /* HttpUtility.swift */,
				1FB67AE628485D380047C651 /* FlightAPI.swift */,
			);
			path = Utility;
			sourceTree = "<group>";
		};
		1FB728BD2834A5F8007A6DA5 /* Validation */ = {
			isa = PBXGroup;
			children = (
				1F36BA572835D50400B4EE93 /* LoginValidation */,
			);
			path = Validation;
			sourceTree = "<group>";
		};
		1FB728BE2834A606007A6DA5 /* Views */ = {
			isa = PBXGroup;
			children = (
				1FF41DF72824DD3100755A79 /* flightexpertApp.swift */,
				1FF41DF92824DD3100755A79 /* ContentView.swift */,
				1F23A2B5286B3AAF007438C7 /* MyBooking */,
				1FC7DD942865C65800F808A5 /* SplashScreen */,
				1FB97C502855F9570099D690 /* CustomViews */,
				1FB9918B283DB6880051546E /* FlightView */,
				1FBC9646285752F5007C7ACA /* OriginFlightList */,
				1F95F0BA28504F3300BF85F0 /* TravelerDetails */,
				1F36BA522835D3DD00B4EE93 /* SideMenuView */,
				1F36BA512835D3AB00B4EE93 /* HomeView */,
				1F1F1431283C6E6000BB1C5D /* SignupView */,
				1F36BA532835D46400B4EE93 /* SigninView */,
				1FA6625D285802F400922554 /* SignoutView */,
			);
			path = Views;
			sourceTree = "<group>";
		};
		1FB97C502855F9570099D690 /* CustomViews */ = {
			isa = PBXGroup;
			children = (
				1FB97C512855F9630099D690 /* CustomPickerView */,
				1FB97C52285621190099D690 /* DropDownView.swift */,
				1F9A8A152858F55900D4626B /* LoadingView.swift */,
				1F363B6A286215C500D858BA /* CustomerCountView.swift */,
				1F363B6C2862166B00D858BA /* CabinSegmentedView.swift */,
				1F363B6E2862169E00D858BA /* TripSegmentedView.swift */,
				1F363B722862595000D858BA /* RadioRouteGroupBotton.swift */,
				1F2F4AEC2868D8D900D80D0D /* CustomTextFieldView.swift */,
			);
			path = CustomViews;
			sourceTree = "<group>";
		};
		1FB97C512855F9630099D690 /* CustomPickerView */ = {
			isa = PBXGroup;
			children = (
				1FB97C4D2855F9470099D690 /* CustomPickerTextView.swift */,
				1FB97C4C2855F9470099D690 /* CustomPickerView.swift */,
			);
			path = CustomPickerView;
			sourceTree = "<group>";
		};
		1FB9917E283DAF490051546E /* Data */ = {
			isa = PBXGroup;
			children = (
				1FA6625C2858001B00922554 /* AirportData */,
			);
			path = Data;
			sourceTree = "<group>";
		};
		1FB9918B283DB6880051546E /* FlightView */ = {
			isa = PBXGroup;
			children = (
				1FB09D55284DAD87003EA711 /* FlightDetailsView.swift */,
				1FB9918E283DB6E40051546E /* FlightView.swift */,
				1FB431E82841B1A4003057F5 /* AirportList.swift */,
			);
			path = FlightView;
			sourceTree = "<group>";
		};
		1FBC9646285752F5007C7ACA /* OriginFlightList */ = {
			isa = PBXGroup;
			children = (
				1F9B7EB52847160A00117C2C /* OriginFlightList.swift */,
			);
			path = OriginFlightList;
			sourceTree = "<group>";
		};
		1FC7DD942865C65800F808A5 /* SplashScreen */ = {
			isa = PBXGroup;
			children = (
				1FC7DD952865C66B00F808A5 /* SplashScreen.swift */,
			);
			path = SplashScreen;
			sourceTree = "<group>";
		};
		1FF41DEB2824DD3100755A79 = {
			isa = PBXGroup;
			children = (
				1FF41DF62824DD3100755A79 /* flightexpert */,
				1FF41E072824DD3500755A79 /* flightexpertTests */,
				1FF41E112824DD3500755A79 /* flightexpertUITests */,
				1FF41DF52824DD3100755A79 /* Products */,
			);
			sourceTree = "<group>";
		};
		1FF41DF52824DD3100755A79 /* Products */ = {
			isa = PBXGroup;
			children = (
				1FF41DF42824DD3100755A79 /* flightexpert.app */,
				1FF41E042824DD3500755A79 /* flightexpertTests.xctest */,
				1FF41E0E2824DD3500755A79 /* flightexpertUITests.xctest */,
			);
			name = Products;
			sourceTree = "<group>";
		};
		1FF41DF62824DD3100755A79 /* flightexpert */ = {
			isa = PBXGroup;
			children = (
				1F54EE95285C426B00B456C4 /* Frameworks */,
				1F93B025284B162A004634A5 /* ViewModel */,
				1FB9917E283DAF490051546E /* Data */,
				1FB728B72834A562007A6DA5 /* Models */,
				1F94A863284068DE0067A4E2 /* CustomViews */,
				1FB728BE2834A606007A6DA5 /* Views */,
				1FB728BD2834A5F8007A6DA5 /* Validation */,
				1FB728BB2834A5C4007A6DA5 /* Utility */,
				1FB728BA2834A59C007A6DA5 /* Resource */,
				1FF41DFB2824DD3400755A79 /* Assets.xcassets */,
				1FF41DFD2824DD3400755A79 /* Preview Content */,
			);
			path = flightexpert;
			sourceTree = "<group>";
		};
		1FF41DFD2824DD3400755A79 /* Preview Content */ = {
			isa = PBXGroup;
			children = (
				1FF41DFE2824DD3400755A79 /* Preview Assets.xcassets */,
			);
			path = "Preview Content";
			sourceTree = "<group>";
		};
		1FF41E072824DD3500755A79 /* flightexpertTests */ = {
			isa = PBXGroup;
			children = (
				1FF41E082824DD3500755A79 /* flightexpertTests.swift */,
			);
			path = flightexpertTests;
			sourceTree = "<group>";
		};
		1FF41E112824DD3500755A79 /* flightexpertUITests */ = {
			isa = PBXGroup;
			children = (
				1FF41E122824DD3500755A79 /* flightexpertUITests.swift */,
				1FF41E142824DD3500755A79 /* flightexpertUITestsLaunchTests.swift */,
			);
			path = flightexpertUITests;
			sourceTree = "<group>";
		};
/* End PBXGroup section */

/* Begin PBXNativeTarget section */
		1FF41DF32824DD3100755A79 /* flightexpert */ = {
			isa = PBXNativeTarget;
			buildConfigurationList = 1FF41E182824DD3500755A79 /* Build configuration list for PBXNativeTarget "flightexpert" */;
			buildPhases = (
				1FF41DF02824DD3100755A79 /* Sources */,
				1FF41DF12824DD3100755A79 /* Frameworks */,
				1FF41DF22824DD3100755A79 /* Resources */,
				1F54EE9A285C428F00B456C4 /* Embed Frameworks */,
			);
			buildRules = (
			);
			dependencies = (
			);
			name = flightexpert;
			productName = flightexpert;
			productReference = 1FF41DF42824DD3100755A79 /* flightexpert.app */;
			productType = "com.apple.product-type.application";
		};
		1FF41E032824DD3500755A79 /* flightexpertTests */ = {
			isa = PBXNativeTarget;
			buildConfigurationList = 1FF41E1B2824DD3500755A79 /* Build configuration list for PBXNativeTarget "flightexpertTests" */;
			buildPhases = (
				1FF41E002824DD3500755A79 /* Sources */,
				1FF41E012824DD3500755A79 /* Frameworks */,
				1FF41E022824DD3500755A79 /* Resources */,
			);
			buildRules = (
			);
			dependencies = (
				1FF41E062824DD3500755A79 /* PBXTargetDependency */,
			);
			name = flightexpertTests;
			productName = flightexpertTests;
			productReference = 1FF41E042824DD3500755A79 /* flightexpertTests.xctest */;
			productType = "com.apple.product-type.bundle.unit-test";
		};
		1FF41E0D2824DD3500755A79 /* flightexpertUITests */ = {
			isa = PBXNativeTarget;
			buildConfigurationList = 1FF41E1E2824DD3500755A79 /* Build configuration list for PBXNativeTarget "flightexpertUITests" */;
			buildPhases = (
				1FF41E0A2824DD3500755A79 /* Sources */,
				1FF41E0B2824DD3500755A79 /* Frameworks */,
				1FF41E0C2824DD3500755A79 /* Resources */,
			);
			buildRules = (
			);
			dependencies = (
				1FF41E102824DD3500755A79 /* PBXTargetDependency */,
			);
			name = flightexpertUITests;
			productName = flightexpertUITests;
			productReference = 1FF41E0E2824DD3500755A79 /* flightexpertUITests.xctest */;
			productType = "com.apple.product-type.bundle.ui-testing";
		};
/* End PBXNativeTarget section */

/* Begin PBXProject section */
		1FF41DEC2824DD3100755A79 /* Project object */ = {
			isa = PBXProject;
			attributes = {
				BuildIndependentTargetsInParallel = 1;
				LastSwiftUpdateCheck = 1330;
				LastUpgradeCheck = 1330;
				TargetAttributes = {
					1FF41DF32824DD3100755A79 = {
						CreatedOnToolsVersion = 13.3.1;
					};
					1FF41E032824DD3500755A79 = {
						CreatedOnToolsVersion = 13.3.1;
						TestTargetID = 1FF41DF32824DD3100755A79;
					};
					1FF41E0D2824DD3500755A79 = {
						CreatedOnToolsVersion = 13.3.1;
						TestTargetID = 1FF41DF32824DD3100755A79;
					};
				};
			};
			buildConfigurationList = 1FF41DEF2824DD3100755A79 /* Build configuration list for PBXProject "flightexpert" */;
			compatibilityVersion = "Xcode 13.0";
			developmentRegion = en;
			hasScannedForEncodings = 0;
			knownRegions = (
				en,
				Base,
			);
			mainGroup = 1FF41DEB2824DD3100755A79;
			productRefGroup = 1FF41DF52824DD3100755A79 /* Products */;
			projectDirPath = "";
			projectRoot = "";
			targets = (
				1FF41DF32824DD3100755A79 /* flightexpert */,
				1FF41E032824DD3500755A79 /* flightexpertTests */,
				1FF41E0D2824DD3500755A79 /* flightexpertUITests */,
			);
		};
/* End PBXProject section */

/* Begin PBXResourcesBuildPhase section */
		1FF41DF22824DD3100755A79 /* Resources */ = {
			isa = PBXResourcesBuildPhase;
			buildActionMask = 2147483647;
			files = (
				1FF41DFF2824DD3400755A79 /* Preview Assets.xcassets in Resources */,
				1FF41DFC2824DD3400755A79 /* Assets.xcassets in Resources */,
				1FB99180283DAF8F0051546E /* airports.json in Resources */,
			);
			runOnlyForDeploymentPostprocessing = 0;
		};
		1FF41E022824DD3500755A79 /* Resources */ = {
			isa = PBXResourcesBuildPhase;
			buildActionMask = 2147483647;
			files = (
			);
			runOnlyForDeploymentPostprocessing = 0;
		};
		1FF41E0C2824DD3500755A79 /* Resources */ = {
			isa = PBXResourcesBuildPhase;
			buildActionMask = 2147483647;
			files = (
			);
			runOnlyForDeploymentPostprocessing = 0;
		};
/* End PBXResourcesBuildPhase section */

/* Begin PBXSourcesBuildPhase section */
		1FF41DF02824DD3100755A79 /* Sources */ = {
			isa = PBXSourcesBuildPhase;
			buildActionMask = 2147483647;
			files = (
				1FB67B02284870E40047C651 /* PassengerCount.swift in Sources */,
				1FB67B05284870E40047C651 /* AirlineFilter.swift in Sources */,
				1FB67B08284870E40047C651 /* Baggage.swift in Sources */,
				1F2F4AED2868D8D900D80D0D /* CustomTextFieldView.swift in Sources */,
				1F0A65B62852EA1F001E74A1 /* UserFormView.swift in Sources */,
				1F8FCA2E2831CD1400508BE1 /* CheckBoxStyle.swift in Sources */,
				1F9A8A162858F55900D4626B /* LoadingView.swift in Sources */,
				1F8FCA2C2831C6C100508BE1 /* SignupView.swift in Sources */,
				1FBC9663285758F2007C7ACA /* RePriceResponse.swift in Sources */,
				1FBAE04128468C6D0088269B /* RegisterResponse.swift in Sources */,
				1FF41E222824E5B900755A79 /* SideMenuView.swift in Sources */,
				1F9B7EB62847160A00117C2C /* OriginFlightList.swift in Sources */,
				1F36BA592835D51600B4EE93 /* LoginValidation.swift in Sources */,
				1FB97C4F2855F9470099D690 /* CustomPickerTextView.swift in Sources */,
				1F36BA5C2835D59400B4EE93 /* LoginResource.swift in Sources */,
				1FB67AF9284870E40047C651 /* TaxesBreakdown.swift in Sources */,
				1FA6628C28583E0D00922554 /* AirTicketModel.swift in Sources */,
				1FB67AFB284870E40047C651 /* AirSearchResponse.swift in Sources */,
				1FB67B03284870E40047C651 /* Cnn.swift in Sources */,
				1F36BA502835CBE800B4EE93 /* HttpUtility.swift in Sources */,
				1FA6625F2858031000922554 /* SignoutView.swift in Sources */,
				1FBE4F2E282A0B8400E25128 /* HomeView.swift in Sources */,
				1F363B6F2862169E00D858BA /* TripSegmentedView.swift in Sources */,
				1FF41E242824E5DA00755A79 /* SideMenuHeaderView.swift in Sources */,
				1F1D9EC32840855200771544 /* AirportDataLoader.swift in Sources */,
				1FB431EB2841B1F0003057F5 /* SelectionRow.swift in Sources */,
				1FB67B07284870E40047C651 /* Adt.swift in Sources */,
				1FB67AFC284870E40047C651 /* Details.swift in Sources */,
				1F363B732862595000D858BA /* RadioRouteGroupBotton.swift in Sources */,
				1FB67B00284870E40047C651 /* Item2.swift in Sources */,
				1FA6627D2858386C00922554 /* BookingConfirmResponse.swift in Sources */,
				1FB67AFD284870E40047C651 /* Item1.swift in Sources */,
				1F36BA4E2835CB8600B4EE93 /* LoginResponse.swift in Sources */,
				1F1D9EB42840701C00771544 /* RouteView.swift in Sources */,
				1FAE389B2854534D00294DAC /* BookingDataSource.swift in Sources */,
				1F95F0BE28504F8500BF85F0 /* TravelerDetails.swift in Sources */,
				1F363B6D2862166B00D858BA /* CabinSegmentedView.swift in Sources */,
				1FB431E92841B1A4003057F5 /* AirportList.swift in Sources */,
				1FB09D5D284DBA13003EA711 /* FlexibleSheet.swift in Sources */,
				1FA6628A28583DE600922554 /* AirTicketingRequest.swift in Sources */,
				1FAE3896285449A600294DAC /* BookingRequest.swift in Sources */,
				1F94A865284069250067A4E2 /* AirportButton.swift in Sources */,
				1FF41DFA2824DD3100755A79 /* ContentView.swift in Sources */,
				1FB67AE728485D380047C651 /* FlightAPI.swift in Sources */,
				1FB67AFA284870E40047C651 /* Direction.swift in Sources */,
				1FAE389D285454CB00294DAC /* BookingResponse.swift in Sources */,
				1FF41E262824E5F700755A79 /* SideMenuOptionView.swift in Sources */,
				1FB97C4E2855F9470099D690 /* CustomPickerView.swift in Sources */,
				1F363B6B286215C500D858BA /* CustomerCountView.swift in Sources */,
				1FF41E282824E62A00755A79 /* SideMenuViewModel.swift in Sources */,
				1FB97C53285621190099D690 /* DropDownView.swift in Sources */,
				1F8FCA302831D66800508BE1 /* AppViewModel.swift in Sources */,
				1FBAE03F28468AC90088269B /* RegisterRequest.swift in Sources */,
				1FBAE0432846992D0088269B /* LoginRequest.swift in Sources */,
				1F8FCA2A2831C6AD00508BE1 /* SigninView.swift in Sources */,
				1FB67AFF284870E40047C651 /* Segment.swift in Sources */,
				1FB67B06284870E40047C651 /* PassengerFares.swift in Sources */,
				1FB67B04284870E40047C651 /* MinMaxPrice.swift in Sources */,
				1FB9918F283DB6E40051546E /* FlightView.swift in Sources */,
				1FB67B01284870E40047C651 /* BookingComponents.swift in Sources */,
				1F95F0B928502F0600BF85F0 /* FlightSearchModel.swift in Sources */,
				1FB67AFE284870E40047C651 /* FlightSearchedDataModel.swift in Sources */,
				1FB09D56284DAD87003EA711 /* FlightDetailsView.swift in Sources */,
				1F2E7C9A284555A30071490A /* SearchRequest.swift in Sources */,
				1FC7DD962865C66B00F808A5 /* SplashScreen.swift in Sources */,
				1F23A2B7286B3AC1007438C7 /* MyBooking.swift in Sources */,
				1FC61D0B2847795D00956952 /* AirportData.swift in Sources */,
				1FF41DF82824DD3100755A79 /* flightexpertApp.swift in Sources */,
				1FBC966528575E33007C7ACA /* RePriceRequest.swift in Sources */,
				1FA662612858360100922554 /* BookingConfirmRequest.swift in Sources */,
				1F2CFDA4284A51D7003E2D40 /* ListRow.swift in Sources */,
			);
			runOnlyForDeploymentPostprocessing = 0;
		};
		1FF41E002824DD3500755A79 /* Sources */ = {
			isa = PBXSourcesBuildPhase;
			buildActionMask = 2147483647;
			files = (
				1FF41E092824DD3500755A79 /* flightexpertTests.swift in Sources */,
			);
			runOnlyForDeploymentPostprocessing = 0;
		};
		1FF41E0A2824DD3500755A79 /* Sources */ = {
			isa = PBXSourcesBuildPhase;
			buildActionMask = 2147483647;
			files = (
				1FF41E152824DD3500755A79 /* flightexpertUITestsLaunchTests.swift in Sources */,
				1FF41E132824DD3500755A79 /* flightexpertUITests.swift in Sources */,
			);
			runOnlyForDeploymentPostprocessing = 0;
		};
/* End PBXSourcesBuildPhase section */

/* Begin PBXTargetDependency section */
		1FF41E062824DD3500755A79 /* PBXTargetDependency */ = {
			isa = PBXTargetDependency;
			target = 1FF41DF32824DD3100755A79 /* flightexpert */;
			targetProxy = 1FF41E052824DD3500755A79 /* PBXContainerItemProxy */;
		};
		1FF41E102824DD3500755A79 /* PBXTargetDependency */ = {
			isa = PBXTargetDependency;
			target = 1FF41DF32824DD3100755A79 /* flightexpert */;
			targetProxy = 1FF41E0F2824DD3500755A79 /* PBXContainerItemProxy */;
		};
/* End PBXTargetDependency section */

/* Begin XCBuildConfiguration section */
		1FF41E162824DD3500755A79 /* Debug */ = {
			isa = XCBuildConfiguration;
			buildSettings = {
				ALWAYS_SEARCH_USER_PATHS = NO;
				CLANG_ANALYZER_NONNULL = YES;
				CLANG_ANALYZER_NUMBER_OBJECT_CONVERSION = YES_AGGRESSIVE;
				CLANG_CXX_LANGUAGE_STANDARD = "gnu++17";
				CLANG_ENABLE_MODULES = YES;
				CLANG_ENABLE_OBJC_ARC = YES;
				CLANG_ENABLE_OBJC_WEAK = YES;
				CLANG_WARN_BLOCK_CAPTURE_AUTORELEASING = YES;
				CLANG_WARN_BOOL_CONVERSION = YES;
				CLANG_WARN_COMMA = YES;
				CLANG_WARN_CONSTANT_CONVERSION = YES;
				CLANG_WARN_DEPRECATED_OBJC_IMPLEMENTATIONS = YES;
				CLANG_WARN_DIRECT_OBJC_ISA_USAGE = YES_ERROR;
				CLANG_WARN_DOCUMENTATION_COMMENTS = YES;
				CLANG_WARN_EMPTY_BODY = YES;
				CLANG_WARN_ENUM_CONVERSION = YES;
				CLANG_WARN_INFINITE_RECURSION = YES;
				CLANG_WARN_INT_CONVERSION = YES;
				CLANG_WARN_NON_LITERAL_NULL_CONVERSION = YES;
				CLANG_WARN_OBJC_IMPLICIT_RETAIN_SELF = YES;
				CLANG_WARN_OBJC_LITERAL_CONVERSION = YES;
				CLANG_WARN_OBJC_ROOT_CLASS = YES_ERROR;
				CLANG_WARN_QUOTED_INCLUDE_IN_FRAMEWORK_HEADER = YES;
				CLANG_WARN_RANGE_LOOP_ANALYSIS = YES;
				CLANG_WARN_STRICT_PROTOTYPES = YES;
				CLANG_WARN_SUSPICIOUS_MOVE = YES;
				CLANG_WARN_UNGUARDED_AVAILABILITY = YES_AGGRESSIVE;
				CLANG_WARN_UNREACHABLE_CODE = YES;
				CLANG_WARN__DUPLICATE_METHOD_MATCH = YES;
				COPY_PHASE_STRIP = NO;
				DEBUG_INFORMATION_FORMAT = dwarf;
				ENABLE_STRICT_OBJC_MSGSEND = YES;
				ENABLE_TESTABILITY = YES;
				GCC_C_LANGUAGE_STANDARD = gnu11;
				GCC_DYNAMIC_NO_PIC = NO;
				GCC_NO_COMMON_BLOCKS = YES;
				GCC_OPTIMIZATION_LEVEL = 0;
				GCC_PREPROCESSOR_DEFINITIONS = (
					"DEBUG=1",
					"$(inherited)",
				);
				GCC_WARN_64_TO_32_BIT_CONVERSION = YES;
				GCC_WARN_ABOUT_RETURN_TYPE = YES_ERROR;
				GCC_WARN_UNDECLARED_SELECTOR = YES;
				GCC_WARN_UNINITIALIZED_AUTOS = YES_AGGRESSIVE;
				GCC_WARN_UNUSED_FUNCTION = YES;
				GCC_WARN_UNUSED_VARIABLE = YES;
				IPHONEOS_DEPLOYMENT_TARGET = 15.4;
				MTL_ENABLE_DEBUG_INFO = INCLUDE_SOURCE;
				MTL_FAST_MATH = YES;
				ONLY_ACTIVE_ARCH = YES;
				SDKROOT = iphoneos;
				SWIFT_ACTIVE_COMPILATION_CONDITIONS = DEBUG;
				SWIFT_OPTIMIZATION_LEVEL = "-Onone";
			};
			name = Debug;
		};
		1FF41E172824DD3500755A79 /* Release */ = {
			isa = XCBuildConfiguration;
			buildSettings = {
				ALWAYS_SEARCH_USER_PATHS = NO;
				CLANG_ANALYZER_NONNULL = YES;
				CLANG_ANALYZER_NUMBER_OBJECT_CONVERSION = YES_AGGRESSIVE;
				CLANG_CXX_LANGUAGE_STANDARD = "gnu++17";
				CLANG_ENABLE_MODULES = YES;
				CLANG_ENABLE_OBJC_ARC = YES;
				CLANG_ENABLE_OBJC_WEAK = YES;
				CLANG_WARN_BLOCK_CAPTURE_AUTORELEASING = YES;
				CLANG_WARN_BOOL_CONVERSION = YES;
				CLANG_WARN_COMMA = YES;
				CLANG_WARN_CONSTANT_CONVERSION = YES;
				CLANG_WARN_DEPRECATED_OBJC_IMPLEMENTATIONS = YES;
				CLANG_WARN_DIRECT_OBJC_ISA_USAGE = YES_ERROR;
				CLANG_WARN_DOCUMENTATION_COMMENTS = YES;
				CLANG_WARN_EMPTY_BODY = YES;
				CLANG_WARN_ENUM_CONVERSION = YES;
				CLANG_WARN_INFINITE_RECURSION = YES;
				CLANG_WARN_INT_CONVERSION = YES;
				CLANG_WARN_NON_LITERAL_NULL_CONVERSION = YES;
				CLANG_WARN_OBJC_IMPLICIT_RETAIN_SELF = YES;
				CLANG_WARN_OBJC_LITERAL_CONVERSION = YES;
				CLANG_WARN_OBJC_ROOT_CLASS = YES_ERROR;
				CLANG_WARN_QUOTED_INCLUDE_IN_FRAMEWORK_HEADER = YES;
				CLANG_WARN_RANGE_LOOP_ANALYSIS = YES;
				CLANG_WARN_STRICT_PROTOTYPES = YES;
				CLANG_WARN_SUSPICIOUS_MOVE = YES;
				CLANG_WARN_UNGUARDED_AVAILABILITY = YES_AGGRESSIVE;
				CLANG_WARN_UNREACHABLE_CODE = YES;
				CLANG_WARN__DUPLICATE_METHOD_MATCH = YES;
				COPY_PHASE_STRIP = NO;
				DEBUG_INFORMATION_FORMAT = "dwarf-with-dsym";
				ENABLE_NS_ASSERTIONS = NO;
				ENABLE_STRICT_OBJC_MSGSEND = YES;
				GCC_C_LANGUAGE_STANDARD = gnu11;
				GCC_NO_COMMON_BLOCKS = YES;
				GCC_WARN_64_TO_32_BIT_CONVERSION = YES;
				GCC_WARN_ABOUT_RETURN_TYPE = YES_ERROR;
				GCC_WARN_UNDECLARED_SELECTOR = YES;
				GCC_WARN_UNINITIALIZED_AUTOS = YES_AGGRESSIVE;
				GCC_WARN_UNUSED_FUNCTION = YES;
				GCC_WARN_UNUSED_VARIABLE = YES;
				IPHONEOS_DEPLOYMENT_TARGET = 15.4;
				MTL_ENABLE_DEBUG_INFO = NO;
				MTL_FAST_MATH = YES;
				SDKROOT = iphoneos;
				SWIFT_COMPILATION_MODE = wholemodule;
				SWIFT_OPTIMIZATION_LEVEL = "-O";
				VALIDATE_PRODUCT = YES;
			};
			name = Release;
		};
		1FF41E192824DD3500755A79 /* Debug */ = {
			isa = XCBuildConfiguration;
			buildSettings = {
				ASSETCATALOG_COMPILER_APPICON_NAME = AppIcon;
				ASSETCATALOG_COMPILER_GLOBAL_ACCENT_COLOR_NAME = AccentColor;
				CODE_SIGN_IDENTITY = "Apple Development";
				CODE_SIGN_STYLE = Automatic;
				CURRENT_PROJECT_VERSION = 1;
				DEVELOPMENT_ASSET_PATHS = "\"flightexpert/Preview Content\"";
				DEVELOPMENT_TEAM = APXU58TDSN;
				ENABLE_PREVIEWS = YES;
				FRAMEWORK_SEARCH_PATHS = (
					"$(inherited)",
					"$(PROJECT_DIR)/flightexpert",
					"$(PROJECT_DIR)/flightexpert/Resource",
					"$(PROJECT_DIR)/flightexpert/Frameworks",
				);
				GENERATE_INFOPLIST_FILE = YES;
				INFOPLIST_FILE = flightexpert/Info.plist;
				INFOPLIST_KEY_UIApplicationSceneManifest_Generation = YES;
				INFOPLIST_KEY_UIApplicationSupportsIndirectInputEvents = YES;
				INFOPLIST_KEY_UILaunchScreen_Generation = YES;
				INFOPLIST_KEY_UISupportedInterfaceOrientations_iPad = "UIInterfaceOrientationPortrait UIInterfaceOrientationPortraitUpsideDown UIInterfaceOrientationLandscapeLeft UIInterfaceOrientationLandscapeRight";
				INFOPLIST_KEY_UISupportedInterfaceOrientations_iPhone = "UIInterfaceOrientationPortrait UIInterfaceOrientationLandscapeLeft UIInterfaceOrientationLandscapeRight";
				IPHONEOS_DEPLOYMENT_TARGET = 15.0;
				LD_RUNPATH_SEARCH_PATHS = (
					"$(inherited)",
					"@executable_path/Frameworks",
				);
				LIBRARY_SEARCH_PATHS = "";
				MARKETING_VERSION = 1.0;
				PRODUCT_BUNDLE_IDENTIFIER = com.bmqa.testSwiftUI;
				PRODUCT_NAME = "$(TARGET_NAME)";
				PROVISIONING_PROFILE_SPECIFIER = "";
				SWIFT_EMIT_LOC_STRINGS = YES;
				SWIFT_OBJC_BRIDGING_HEADER = "";
				SWIFT_VERSION = 5.0;
				TARGETED_DEVICE_FAMILY = "1,2";
			};
			name = Debug;
		};
		1FF41E1A2824DD3500755A79 /* Release */ = {
			isa = XCBuildConfiguration;
			buildSettings = {
				ASSETCATALOG_COMPILER_APPICON_NAME = AppIcon;
				ASSETCATALOG_COMPILER_GLOBAL_ACCENT_COLOR_NAME = AccentColor;
				CODE_SIGN_STYLE = Manual;
				CURRENT_PROJECT_VERSION = 1;
				DEVELOPMENT_ASSET_PATHS = "\"flightexpert/Preview Content\"";
				DEVELOPMENT_TEAM = "";
				ENABLE_PREVIEWS = YES;
				FRAMEWORK_SEARCH_PATHS = (
					"$(inherited)",
					"$(PROJECT_DIR)/flightexpert",
					"$(PROJECT_DIR)/flightexpert/Resource",
					"$(PROJECT_DIR)/flightexpert/Frameworks",
				);
				GENERATE_INFOPLIST_FILE = YES;
				INFOPLIST_FILE = flightexpert/Info.plist;
				INFOPLIST_KEY_UIApplicationSceneManifest_Generation = YES;
				INFOPLIST_KEY_UIApplicationSupportsIndirectInputEvents = YES;
				INFOPLIST_KEY_UILaunchScreen_Generation = YES;
				INFOPLIST_KEY_UISupportedInterfaceOrientations_iPad = "UIInterfaceOrientationPortrait UIInterfaceOrientationPortraitUpsideDown UIInterfaceOrientationLandscapeLeft UIInterfaceOrientationLandscapeRight";
				INFOPLIST_KEY_UISupportedInterfaceOrientations_iPhone = "UIInterfaceOrientationPortrait UIInterfaceOrientationLandscapeLeft UIInterfaceOrientationLandscapeRight";
				IPHONEOS_DEPLOYMENT_TARGET = 15.0;
				LD_RUNPATH_SEARCH_PATHS = (
					"$(inherited)",
					"@executable_path/Frameworks",
				);
				LIBRARY_SEARCH_PATHS = "";
				MARKETING_VERSION = 1.0;
				PRODUCT_BUNDLE_IDENTIFIER = com.bmqa.testSwiftUI;
				PRODUCT_NAME = "$(TARGET_NAME)";
				PROVISIONING_PROFILE_SPECIFIER = "";
				SWIFT_EMIT_LOC_STRINGS = YES;
				SWIFT_OBJC_BRIDGING_HEADER = "";
				SWIFT_VERSION = 5.0;
				TARGETED_DEVICE_FAMILY = "1,2";
			};
			name = Release;
		};
		1FF41E1C2824DD3500755A79 /* Debug */ = {
			isa = XCBuildConfiguration;
			buildSettings = {
				ALWAYS_EMBED_SWIFT_STANDARD_LIBRARIES = YES;
				BUNDLE_LOADER = "$(TEST_HOST)";
				CODE_SIGN_STYLE = Automatic;
				CURRENT_PROJECT_VERSION = 1;
				GENERATE_INFOPLIST_FILE = YES;
				IPHONEOS_DEPLOYMENT_TARGET = 15.4;
				MARKETING_VERSION = 1.0;
				PRODUCT_BUNDLE_IDENTIFIER = com.bappi.flightexpertTests;
				PRODUCT_NAME = "$(TARGET_NAME)";
				SWIFT_EMIT_LOC_STRINGS = NO;
				SWIFT_VERSION = 5.0;
				TARGETED_DEVICE_FAMILY = "1,2";
				TEST_HOST = "$(BUILT_PRODUCTS_DIR)/flightexpert.app/flightexpert";
			};
			name = Debug;
		};
		1FF41E1D2824DD3500755A79 /* Release */ = {
			isa = XCBuildConfiguration;
			buildSettings = {
				ALWAYS_EMBED_SWIFT_STANDARD_LIBRARIES = YES;
				BUNDLE_LOADER = "$(TEST_HOST)";
				CODE_SIGN_STYLE = Automatic;
				CURRENT_PROJECT_VERSION = 1;
				GENERATE_INFOPLIST_FILE = YES;
				IPHONEOS_DEPLOYMENT_TARGET = 15.4;
				MARKETING_VERSION = 1.0;
				PRODUCT_BUNDLE_IDENTIFIER = com.bappi.flightexpertTests;
				PRODUCT_NAME = "$(TARGET_NAME)";
				SWIFT_EMIT_LOC_STRINGS = NO;
				SWIFT_VERSION = 5.0;
				TARGETED_DEVICE_FAMILY = "1,2";
				TEST_HOST = "$(BUILT_PRODUCTS_DIR)/flightexpert.app/flightexpert";
			};
			name = Release;
		};
		1FF41E1F2824DD3500755A79 /* Debug */ = {
			isa = XCBuildConfiguration;
			buildSettings = {
				ALWAYS_EMBED_SWIFT_STANDARD_LIBRARIES = YES;
				CODE_SIGN_STYLE = Automatic;
				CURRENT_PROJECT_VERSION = 1;
				GENERATE_INFOPLIST_FILE = YES;
				MARKETING_VERSION = 1.0;
				PRODUCT_BUNDLE_IDENTIFIER = com.bappi.flightexpertUITests;
				PRODUCT_NAME = "$(TARGET_NAME)";
				SWIFT_EMIT_LOC_STRINGS = NO;
				SWIFT_VERSION = 5.0;
				TARGETED_DEVICE_FAMILY = "1,2";
				TEST_TARGET_NAME = flightexpert;
			};
			name = Debug;
		};
		1FF41E202824DD3500755A79 /* Release */ = {
			isa = XCBuildConfiguration;
			buildSettings = {
				ALWAYS_EMBED_SWIFT_STANDARD_LIBRARIES = YES;
				CODE_SIGN_STYLE = Automatic;
				CURRENT_PROJECT_VERSION = 1;
				GENERATE_INFOPLIST_FILE = YES;
				MARKETING_VERSION = 1.0;
				PRODUCT_BUNDLE_IDENTIFIER = com.bappi.flightexpertUITests;
				PRODUCT_NAME = "$(TARGET_NAME)";
				SWIFT_EMIT_LOC_STRINGS = NO;
				SWIFT_VERSION = 5.0;
				TARGETED_DEVICE_FAMILY = "1,2";
				TEST_TARGET_NAME = flightexpert;
			};
			name = Release;
		};
/* End XCBuildConfiguration section */

/* Begin XCConfigurationList section */
		1FF41DEF2824DD3100755A79 /* Build configuration list for PBXProject "flightexpert" */ = {
			isa = XCConfigurationList;
			buildConfigurations = (
				1FF41E162824DD3500755A79 /* Debug */,
				1FF41E172824DD3500755A79 /* Release */,
			);
			defaultConfigurationIsVisible = 0;
			defaultConfigurationName = Release;
		};
		1FF41E182824DD3500755A79 /* Build configuration list for PBXNativeTarget "flightexpert" */ = {
			isa = XCConfigurationList;
			buildConfigurations = (
				1FF41E192824DD3500755A79 /* Debug */,
				1FF41E1A2824DD3500755A79 /* Release */,
			);
			defaultConfigurationIsVisible = 0;
			defaultConfigurationName = Release;
		};
		1FF41E1B2824DD3500755A79 /* Build configuration list for PBXNativeTarget "flightexpertTests" */ = {
			isa = XCConfigurationList;
			buildConfigurations = (
				1FF41E1C2824DD3500755A79 /* Debug */,
				1FF41E1D2824DD3500755A79 /* Release */,
			);
			defaultConfigurationIsVisible = 0;
			defaultConfigurationName = Release;
		};
		1FF41E1E2824DD3500755A79 /* Build configuration list for PBXNativeTarget "flightexpertUITests" */ = {
			isa = XCConfigurationList;
			buildConfigurations = (
				1FF41E1F2824DD3500755A79 /* Debug */,
				1FF41E202824DD3500755A79 /* Release */,
			);
			defaultConfigurationIsVisible = 0;
			defaultConfigurationName = Release;
		};
/* End XCConfigurationList section */
	};
	rootObject = 1FF41DEC2824DD3100755A79 /* Project object */;
}
